
Microsoft Visual Studio Solution File, Format Version 12.00
# Visual Studio Version 17
VisualStudioVersion = 17.11.35327.3
MinimumVisualStudioVersion = 10.0.40219.1
Project("{FAE04EC0-301F-11D3-BF4B-00C04F79EFBC}") = "api-donkey-air", "api-donkey-air\api-donkey-air.csproj", "{AA24CF91-4DC3-4BBC-BAB8-681DB8EF8950}"
EndProject
Global
	GlobalSection(SolutionConfigurationPlatforms) = preSolution
		Debug|Any CPU = Debug|Any CPU
		Release|Any CPU = Release|Any CPU
	EndGlobalSection
	GlobalSection(ProjectConfigurationPlatforms) = postSolution
		{AA24CF91-4DC3-4BBC-BAB8-681DB8EF8950}.Debug|Any CPU.ActiveCfg = Debug|Any CPU
		{AA24CF91-4DC3-4BBC-BAB8-681DB8EF8950}.Debug|Any CPU.Build.0 = Debug|Any CPU
		{AA24CF91-4DC3-4BBC-BAB8-681DB8EF8950}.Release|Any CPU.ActiveCfg = Release|Any CPU
		{AA24CF91-4DC3-4BBC-BAB8-681DB8EF8950}.Release|Any CPU.Build.0 = Release|Any CPU
	EndGlobalSection
	GlobalSection(SolutionProperties) = preSolution
		HideSolutionNode = FALSE
	EndGlobalSection
	GlobalSection(ExtensibilityGlobals) = postSolution
		SolutionGuid = {78B45354-5040-49EF-B4B7-F92B5DAE27FB}
	EndGlobalSection
EndGlobal
